{
  "name": "echo",
  "version": "1.0.0",
  "lockfileVersion": 1,
  "requires": true,
  "dependencies": {
    "async": {
      "version": "0.9.0",
      "resolved": "https://registry.npmjs.org/async/-/async-0.9.0.tgz",
      "integrity": "sha1-rDYTsdqb7RtHUQu0ZRuJMeRxRsc=",
      "dev": true
    },
    "bson": {
      "version": "0.2.22",
      "resolved": "https://registry.npmjs.org/bson/-/bson-0.2.22.tgz",
      "integrity": "sha1-/NoQPybQwHTVpS1Qkn24D9ArSzk=",
      "dev": true,
      "requires": {
        "nan": "~1.8"
      }
    },
    "debug": {
      "version": "0.7.4",
      "resolved": "https://registry.npmjs.org/debug/-/debug-0.7.4.tgz",
      "integrity": "sha1-BuHqgILCyxTjmAbiLi9vdX+Srzk=",
      "dev": true
    },
    "echo-server": {
      "version": "0.4.0",
      "resolved": "https://registry.npmjs.org/echo-server/-/echo-server-0.4.0.tgz",
      "integrity": "sha1-vaVf3c/lIIeMUEKUmdIVGXnIOWo=",
      "dev": true,
      "requires": {
        "mongoose": "^3.8.16"
      }
    },
    "get-port": {
      "version": "3.2.0",
      "resolved": "https://registry.npmjs.org/get-port/-/get-port-3.2.0.tgz",
      "integrity": "sha1-3Xzn3hh8Bsi/NTeWrHHgmfCYDrw=",
      "dev": true
    },
    "hooks": {
      "version": "0.3.2",
      "resolved": "https://registry.npmjs.org/hooks/-/hooks-0.3.2.tgz",
      "integrity": "sha1-ox8GDCAmzqbPHKPrF4Qw5xjhxKM=",
      "dev": true
    },
    "http-echo-server": {
      "version": "2.0.0",
      "resolved": "https://registry.npmjs.org/http-echo-server/-/http-echo-server-2.0.0.tgz",
      "integrity": "sha512-3NkYoJ8mYhbnRT996RRXEHZvh1G1t6x5/rZvGmi0A+/cg/7SbGkCS2ornSxml0QQDXe0VpEdN9dhMim+S2TmnA==",
      "dev": true,
      "requires": {
        "get-port": "^3.2.0"
      }
    },
    "inherits": {
      "version": "2.0.3",
      "resolved": "https://registry.npmjs.org/inherits/-/inherits-2.0.3.tgz",
      "integrity": "sha1-Yzwsg+PaQqUC9SRmAiSA9CCCYd4=",
      "dev": true,
      "optional": true
    },
    "kareem": {
      "version": "0.0.4",
      "resolved": "https://registry.npmjs.org/kareem/-/kareem-0.0.4.tgz",
      "integrity": "sha1-qEdd79dM+CmwBx0g5pcb8V2RHSs=",
      "dev": true
    },
    "kerberos": {
      "version": "0.0.4",
      "resolved": "https://registry.npmjs.org/kerberos/-/kerberos-0.0.4.tgz",
      "integrity": "sha1-EYNmOPcpovbFuuBWp9ehWJjJunw=",
      "dev": true,
      "optional": true
    },
    "mongodb": {
      "version": "1.4.12",
      "resolved": "https://registry.npmjs.org/mongodb/-/mongodb-1.4.12.tgz",
      "integrity": "sha1-Zc3UbsEnhh6UEWj9zPgr8XrXHE0=",
      "dev": true,
      "requires": {
        "bson": "~0.2",
        "kerberos": "0.0.4",
        "readable-stream": "^3.0.0"
      }
    },
    "mongoose": {
      "version": "3.9.7",
      "resolved": "https://registry.npmjs.org/mongoose/-/mongoose-3.9.7.tgz",
      "integrity": "sha1-sxXm6+XO/M44Q1BLeR8DiCgEjaY=",
      "dev": true,
      "requires": {
        "async": "0.9.0",
        "hooks": "0.3.2",
        "kareem": "0.0.4",
        "mongodb": "1.4.12",
        "mpath": "0.1.1",
        "mpromise": "0.5.4",
        "mquery": "1.0.0",
        "ms": "0.1.0",
        "muri": "0.3.1",
        "regexp-clone": "0.0.1",
        "sliced": "0.0.5"
      }
    },
    "mpath": {
      "version": "0.1.1",
      "resolved": "https://registry.npmjs.org/mpath/-/mpath-0.1.1.tgz",
      "integrity": "sha1-I9qFK3wjLuCX9HWdKcDunNItXkY=",
      "dev": true
    },
    "mpromise": {
      "version": "0.5.4",
      "resolved": "https://registry.npmjs.org/mpromise/-/mpromise-0.5.4.tgz",
      "integrity": "sha1-thBhPsbeN0GflEs18Hg7Ten13HU=",
      "dev": true
    },
    "mquery": {
      "version": "1.0.0",
      "resolved": "https://registry.npmjs.org/mquery/-/mquery-1.0.0.tgz",
      "integrity": "sha1-aUCkbWQzaP6OWr3euUvY3TIBP1s=",
      "dev": true,
      "requires": {
        "debug": "0.7.4",
        "regexp-clone": "0.0.1",
        "sliced": "0.0.5"
      }
    },
    "ms": {
      "version": "0.1.0",
      "resolved": "https://registry.npmjs.org/ms/-/ms-0.1.0.tgz",
      "integrity": "sha1-8h+sSQ2vHXZn/RgP6QdzicyUQrI=",
      "dev": true
    },
    "muri": {
      "version": "0.3.1",
      "resolved": "https://registry.npmjs.org/muri/-/muri-0.3.1.tgz",
      "integrity": "sha1-hhiJxchX8aQ3AL7oXVBzH2FyfJo=",
      "dev": true
    },
    "nan": {
      "version": "1.8.4",
      "resolved": "https://registry.npmjs.org/nan/-/nan-1.8.4.tgz",
      "integrity": "sha1-PHa1OC6rM+RLdY0oE8qdkuk0LzQ=",
      "dev": true
    },
    "process-nextick-args": {
      "version": "2.0.0",
      "resolved": "https://registry.npmjs.org/process-nextick-args/-/process-nextick-args-2.0.0.tgz",
      "integrity": "sha512-MtEC1TqN0EU5nephaJ4rAtThHtC86dNN9qCuEhtshvpVBkAW5ZO7BASN9REnF9eoXGcRub+pFuKEpOHE+HbEMw==",
      "dev": true,
      "optional": true
    },
    "readable-stream": {
      "version": "3.0.0",
      "resolved": "https://registry.npmjs.org/readable-stream/-/readable-stream-3.0.0.tgz",
      "integrity": "sha512-WwkR0zP3pW3uWHqUGml9nQ7jecmeUt8N+eP3+Kmnhqhdl2QMjuGaGgWa3lToJxM9e4PcBU9t1dkabunS+rncjA==",
      "dev": true,
      "optional": true,
      "requires": {
        "inherits": "^2.0.3",
        "process-nextick-args": "^2.0.0",
        "string_decoder": "^1.1.1",
        "util-deprecate": "^1.0.1"
      }
    },
    "regexp-clone": {
      "version": "0.0.1",
      "resolved": "https://registry.npmjs.org/regexp-clone/-/regexp-clone-0.0.1.tgz",
      "integrity": "sha1-p8LgmJH9vzj7sQ03b7cwA+aKxYk=",
      "dev": true
    },
    "safe-buffer": {
      "version": "5.1.2",
      "resolved": "https://registry.npmjs.org/safe-buffer/-/safe-buffer-5.1.2.tgz",
      "integrity": "sha512-Gd2UZBJDkXlY7GbJxfsE8/nvKkUEU1G38c1siN6QP6a9PT9MmHB8GnpscSmMJSoF8LOIrt8ud/wPtojys4G6+g==",
      "dev": true,
      "optional": true
    },
    "sliced": {
      "version": "0.0.5",
      "resolved": "https://registry.npmjs.org/sliced/-/sliced-0.0.5.tgz",
      "integrity": "sha1-XtwETKTrb3gW1Qui/GPiXY/kcH8=",
      "dev": true
    },
    "string_decoder": {
      "version": "1.1.1",
      "resolved": "https://registry.npmjs.org/string_decoder/-/string_decoder-1.1.1.tgz",
      "integrity": "sha512-n/ShnvDi6FHbbVfviro+WojiFzv+s8MPMHBczVePfUpDJLwoLT0ht1l4YwBCbi8pJAveEEdnkHyPyTP/mzRfwg==",
      "dev": true,
      "optional": true,
      "requires": {
        "safe-buffer": "~5.1.0"
      }
    },
    "util-deprecate": {
      "version": "1.0.2",
      "resolved": "https://registry.npmjs.org/util-deprecate/-/util-deprecate-1.0.2.tgz",
      "integrity": "sha1-RQ1Nyfpw3nMnYvvS1KKJgUGaDM8=",
      "dev": true,
      "optional": true
    }
  }
}
